
Microsoft Visual Studio Solution File, Format Version 12.00
# Visual Studio Version 17
VisualStudioVersion = 17.9.34607.119
MinimumVisualStudioVersion = 10.0.40219.1
Project("{9A19103F-16F7-4668-BE54-9A1E7A4F7556}") = "PasswordValidationTests", "PasswordValidationTests\PasswordValidationTests.csproj", "{1F09C559-16A3-4C98-8523-C8A60431CA9C}"
EndProject
Project("{9A19103F-16F7-4668-BE54-9A1E7A4F7556}") = "Validator", "Validator\Validator.csproj", "{4905A521-CD71-4EE8-B1E8-C9D244D09736}"
EndProject
Project("{9A19103F-16F7-4668-BE54-9A1E7A4F7556}") = "PasswordValidator.Api", "PasswordValidator.Api\PasswordValidator.Api.csproj", "{9E5CB79C-CF84-4B0D-BF0C-F790C4DC980B}"
	ProjectSection(ProjectDependencies) = postProject
		{622B8946-9223-4125-A9CD-4F550AAC0729} = {622B8946-9223-4125-A9CD-4F550AAC0729}
	EndProjectSection
EndProject
Project("{9A19103F-16F7-4668-BE54-9A1E7A4F7556}") = "Common", "Common\Common.csproj", "{FE36EE45-3C33-4260-84A8-BB16DDEAC30F}"
EndProject
Project("{9A19103F-16F7-4668-BE54-9A1E7A4F7556}") = "Persistance", "FileHandler\Persistance.csproj", "{E9625AB7-447E-4CF2-80EB-C8440D20FC57}"
EndProject
Project("{9A19103F-16F7-4668-BE54-9A1E7A4F7556}") = "EncryptionHandler", "EncryptionHandler\EncryptionHandler.csproj", "{622B8946-9223-4125-A9CD-4F550AAC0729}"
EndProject
Global
	GlobalSection(SolutionConfigurationPlatforms) = preSolution
		Debug|Any CPU = Debug|Any CPU
		Release|Any CPU = Release|Any CPU
	EndGlobalSection
	GlobalSection(ProjectConfigurationPlatforms) = postSolution
		{1F09C559-16A3-4C98-8523-C8A60431CA9C}.Debug|Any CPU.ActiveCfg = Debug|Any CPU
		{1F09C559-16A3-4C98-8523-C8A60431CA9C}.Debug|Any CPU.Build.0 = Debug|Any CPU
		{1F09C559-16A3-4C98-8523-C8A60431CA9C}.Release|Any CPU.ActiveCfg = Release|Any CPU
		{1F09C559-16A3-4C98-8523-C8A60431CA9C}.Release|Any CPU.Build.0 = Release|Any CPU
		{4905A521-CD71-4EE8-B1E8-C9D244D09736}.Debug|Any CPU.ActiveCfg = Debug|Any CPU
		{4905A521-CD71-4EE8-B1E8-C9D244D09736}.Debug|Any CPU.Build.0 = Debug|Any CPU
		{4905A521-CD71-4EE8-B1E8-C9D244D09736}.Release|Any CPU.ActiveCfg = Release|Any CPU
		{4905A521-CD71-4EE8-B1E8-C9D244D09736}.Release|Any CPU.Build.0 = Release|Any CPU
		{9E5CB79C-CF84-4B0D-BF0C-F790C4DC980B}.Debug|Any CPU.ActiveCfg = Debug|Any CPU
		{9E5CB79C-CF84-4B0D-BF0C-F790C4DC980B}.Debug|Any CPU.Build.0 = Debug|Any CPU
		{9E5CB79C-CF84-4B0D-BF0C-F790C4DC980B}.Release|Any CPU.ActiveCfg = Release|Any CPU
		{9E5CB79C-CF84-4B0D-BF0C-F790C4DC980B}.Release|Any CPU.Build.0 = Release|Any CPU
		{FE36EE45-3C33-4260-84A8-BB16DDEAC30F}.Debug|Any CPU.ActiveCfg = Debug|Any CPU
		{FE36EE45-3C33-4260-84A8-BB16DDEAC30F}.Debug|Any CPU.Build.0 = Debug|Any CPU
		{FE36EE45-3C33-4260-84A8-BB16DDEAC30F}.Release|Any CPU.ActiveCfg = Release|Any CPU
		{FE36EE45-3C33-4260-84A8-BB16DDEAC30F}.Release|Any CPU.Build.0 = Release|Any CPU
		{E9625AB7-447E-4CF2-80EB-C8440D20FC57}.Debug|Any CPU.ActiveCfg = Debug|Any CPU
		{E9625AB7-447E-4CF2-80EB-C8440D20FC57}.Debug|Any CPU.Build.0 = Debug|Any CPU
		{E9625AB7-447E-4CF2-80EB-C8440D20FC57}.Release|Any CPU.ActiveCfg = Release|Any CPU
		{E9625AB7-447E-4CF2-80EB-C8440D20FC57}.Release|Any CPU.Build.0 = Release|Any CPU
		{622B8946-9223-4125-A9CD-4F550AAC0729}.Debug|Any CPU.ActiveCfg = Debug|Any CPU
		{622B8946-9223-4125-A9CD-4F550AAC0729}.Debug|Any CPU.Build.0 = Debug|Any CPU
		{622B8946-9223-4125-A9CD-4F550AAC0729}.Release|Any CPU.ActiveCfg = Release|Any CPU
		{622B8946-9223-4125-A9CD-4F550AAC0729}.Release|Any CPU.Build.0 = Release|Any CPU
	EndGlobalSection
	GlobalSection(SolutionProperties) = preSolution
		HideSolutionNode = FALSE
	EndGlobalSection
	GlobalSection(ExtensibilityGlobals) = postSolution
		SolutionGuid = {586868B1-E992-4CF5-B0F6-447FE47F6683}
	EndGlobalSection
EndGlobal
